
Microsoft Visual Studio Solution File, Format Version 12.00
# Visual Studio Version 16
VisualStudioVersion = 16.0.30114.105
MinimumVisualStudioVersion = 10.0.40219.1
Project("{FAE04EC0-301F-11D3-BF4B-00C04F79EFBC}") = "projeto-estoque", "projeto-estoque\projeto-estoque.csproj", "{D6665A6A-8B63-409E-9F35-11EA57B4886C}"
EndProject
Project("{FAE04EC0-301F-11D3-BF4B-00C04F79EFBC}") = "projeto-estoque.Test", "projeto-estoque.Test\projeto-estoque.Test.csproj", "{56ACF91F-A574-44A3-98A2-74D74A14180F}"
EndProject
Global
	GlobalSection(SolutionConfigurationPlatforms) = preSolution
		Debug|Any CPU = Debug|Any CPU
		Release|Any CPU = Release|Any CPU
	EndGlobalSection
	GlobalSection(SolutionProperties) = preSolution
		HideSolutionNode = FALSE
	EndGlobalSection
	GlobalSection(ProjectConfigurationPlatforms) = postSolution
		{D6665A6A-8B63-409E-9F35-11EA57B4886C}.Debug|Any CPU.ActiveCfg = Debug|Any CPU
		{D6665A6A-8B63-409E-9F35-11EA57B4886C}.Debug|Any CPU.Build.0 = Debug|Any CPU
		{D6665A6A-8B63-409E-9F35-11EA57B4886C}.Release|Any CPU.ActiveCfg = Release|Any CPU
		{D6665A6A-8B63-409E-9F35-11EA57B4886C}.Release|Any CPU.Build.0 = Release|Any CPU
		{56ACF91F-A574-44A3-98A2-74D74A14180F}.Debug|Any CPU.ActiveCfg = Debug|Any CPU
		{56ACF91F-A574-44A3-98A2-74D74A14180F}.Debug|Any CPU.Build.0 = Debug|Any CPU
		{56ACF91F-A574-44A3-98A2-74D74A14180F}.Release|Any CPU.ActiveCfg = Release|Any CPU
		{56ACF91F-A574-44A3-98A2-74D74A14180F}.Release|Any CPU.Build.0 = Release|Any CPU
	EndGlobalSection
EndGlobal
